// !$*UTF8*$!
{
	archiveVersion = 1;
	classes = {
	};
	objectVersion = 48;
	objects = {

/* Begin PBXBuildFile section */
		179B97932050779A00B14516 /* main.swift in Sources */ = {isa = PBXBuildFile; fileRef = 179B97922050779A00B14516 /* main.swift */; };
		17ADF714205075A700981C71 /* Actual functions.swift in Sources */ = {isa = PBXBuildFile; fileRef = 17ADF713205075A700981C71 /* Actual functions.swift */; };
		17D2A2C0203DF63C00BD0ECB /* funcs.swift in Sources */ = {isa = PBXBuildFile; fileRef = 17D2A2BF203DF63C00BD0ECB /* funcs.swift */; };
/* End PBXBuildFile section */

/* Begin PBXCopyFilesBuildPhase section */
		17D2A2B3203DF61C00BD0ECB /* CopyFiles */ = {
			isa = PBXCopyFilesBuildPhase;
			buildActionMask = 2147483647;
			dstPath = /usr/share/man/man1/;
			dstSubfolderSpec = 0;
			files = (
			);
			runOnlyForDeploymentPostprocessing = 1;
		};
/* End PBXCopyFilesBuildPhase section */

/* Begin PBXFileReference section */
		179B97922050779A00B14516 /* main.swift */ = {isa = PBXFileReference; fileEncoding = 4; lastKnownFileType = sourcecode.swift; path = main.swift; sourceTree = "<group>"; };
		17ADF713205075A700981C71 /* Actual functions.swift */ = {isa = PBXFileReference; lastKnownFileType = sourcecode.swift; path = "Actual functions.swift"; sourceTree = "<group>"; };
		17D2A2B5203DF61C00BD0ECB /* taskMaNaGeR */ = {isa = PBXFileReference; explicitFileType = "compiled.mach-o.executable"; includeInIndex = 0; path = taskMaNaGeR; sourceTree = BUILT_PRODUCTS_DIR; };
		17D2A2BF203DF63C00BD0ECB /* funcs.swift */ = {isa = PBXFileReference; lastKnownFileType = sourcecode.swift; path = funcs.swift; sourceTree = "<group>"; };
/* End PBXFileReference section */

/* Begin PBXFrameworksBuildPhase section */
		17D2A2B2203DF61C00BD0ECB /* Frameworks */ = {
			isa = PBXFrameworksBuildPhase;
			buildActionMask = 2147483647;
			files = (
			);
			runOnlyForDeploymentPostprocessing = 0;
		};
/* End PBXFrameworksBuildPhase section */

/* Begin PBXGroup section */
		17D2A2AC203DF61C00BD0ECB = {
			isa = PBXGroup;
			children = (
				17D2A2B7203DF61C00BD0ECB /* taskMaNaGeR */,
				17D2A2B6203DF61C00BD0ECB /* Products */,
			);
			sourceTree = "<group>";
		};
		17D2A2B6203DF61C00BD0ECB /* Products */ = {
			isa = PBXGroup;
			children = (
				17D2A2B5203DF61C00BD0ECB /* taskMaNaGeR */,
			);
			name = Products;
			sourceTree = "<group>";
		};
		17D2A2B7203DF61C00BD0ECB /* taskMaNaGeR */ = {
			isa = PBXGroup;
			children = (
				17D2A2BF203DF63C00BD0ECB /* funcs.swift */,
				179B97922050779A00B14516 /* main.swift */,
				17ADF713205075A700981C71 /* Actual functions.swift */,
			);
			path = taskMaNaGeR;
			sourceTree = "<group>";
		};
/* End PBXGroup section */

/* Begin PBXNativeTarget section */
		17D2A2B4203DF61C00BD0ECB /* taskMaNaGeR */ = {
			isa = PBXNativeTarget;
			buildConfigurationList = 17D2A2BC203DF61C00BD0ECB /* Build configuration list for PBXNativeTarget "taskMaNaGeR" */;
			buildPhases = (
				17D2A2B1203DF61C00BD0ECB /* Sources */,
				17D2A2B2203DF61C00BD0ECB /* Frameworks */,
				17D2A2B3203DF61C00BD0ECB /* CopyFiles */,
			);
			buildRules = (
			);
			dependencies = (
			);
			name = taskMaNaGeR;
			productName = taskMaNaGeR;
			productReference = 17D2A2B5203DF61C00BD0ECB /* taskMaNaGeR */;
			productType = "com.apple.product-type.tool";
		};
/* End PBXNativeTarget section */

/* Begin PBXProject section */
		17D2A2AD203DF61C00BD0ECB /* Project object */ = {
			isa = PBXProject;
			attributes = {
				LastSwiftUpdateCheck = 0920;
				LastUpgradeCheck = 0920;
				ORGANIZATIONNAME = "Christian Lenberger";
				TargetAttributes = {
					17D2A2B4203DF61C00BD0ECB = {
						CreatedOnToolsVersion = 9.2;
						ProvisioningStyle = Automatic;
					};
				};
			};
			buildConfigurationList = 17D2A2B0203DF61C00BD0ECB /* Build configuration list for PBXProject "taskMaNaGeR" */;
			compatibilityVersion = "Xcode 8.0";
			developmentRegion = en;
			hasScannedForEncodings = 0;
			knownRegions = (
				en,
			);
			mainGroup = 17D2A2AC203DF61C00BD0ECB;
			productRefGroup = 17D2A2B6203DF61C00BD0ECB /* Products */;
			projectDirPath = "";
			projectRoot = "";
			targets = (
				17D2A2B4203DF61C00BD0ECB /* taskMaNaGeR */,
			);
		};
/* End PBXProject section */

/* Begin PBXSourcesBuildPhase section */
		17D2A2B1203DF61C00BD0ECB /* Sources */ = {
			isa = PBXSourcesBuildPhase;
			buildActionMask = 2147483647;
			files = (
				17ADF714205075A700981C71 /* Actual functions.swift in Sources */,
				17D2A2C0203DF63C00BD0ECB /* funcs.swift in Sources */,
				179B97932050779A00B14516 /* main.swift in Sources */,
			);
			runOnlyForDeploymentPostprocessing = 0;
		};
/* End PBXSourcesBuildPhase section */

/* Begin XCBuildConfiguration section */
		17D2A2BA203DF61C00BD0ECB /* Debug */ = {
			isa = XCBuildConfiguration;
			buildSettings = {
				ALWAYS_SEARCH_USER_PATHS = NO;
				CLANG_ANALYZER_NONNULL = YES;
				CLANG_ANALYZER_NUMBER_OBJECT_CONVERSION = YES_AGGRESSIVE;
				CLANG_CXX_LANGUAGE_STANDARD = "gnu++14";
				CLANG_CXX_LIBRARY = "libc++";
				CLANG_ENABLE_MODULES = YES;
				CLANG_ENABLE_OBJC_ARC = YES;
				CLANG_WARN_BLOCK_CAPTURE_AUTORELEASING = YES;
				CLANG_WARN_BOOL_CONVERSION = YES;
				CLANG_WARN_COMMA = YES;
				CLANG_WARN_CONSTANT_CONVERSION = YES;
				CLANG_WARN_DIRECT_OBJC_ISA_USAGE = YES_ERROR;
				CLANG_WARN_DOCUMENTATION_COMMENTS = YES;
				CLANG_WARN_EMPTY_BODY = YES;
				CLANG_WARN_ENUM_CONVERSION = YES;
				CLANG_WARN_INFINITE_RECURSION = YES;
				CLANG_WARN_INT_CONVERSION = YES;
				CLANG_WARN_NON_LITERAL_NULL_CONVERSION = YES;
				CLANG_WARN_OBJC_LITERAL_CONVERSION = YES;
				CLANG_WARN_OBJC_ROOT_CLASS = YES_ERROR;
				CLANG_WARN_RANGE_LOOP_ANALYSIS = YES;
				CLANG_WARN_STRICT_PROTOTYPES = YES;
				CLANG_WARN_SUSPICIOUS_MOVE = YES;
				CLANG_WARN_UNGUARDED_AVAILABILITY = YES_AGGRESSIVE;
				CLANG_WARN_UNREACHABLE_CODE = YES;
				CLANG_WARN__DUPLICATE_METHOD_MATCH = YES;
				CODE_SIGN_IDENTITY = "-";
				COPY_PHASE_STRIP = NO;
				DEBUG_INFORMATION_FORMAT = dwarf;
				ENABLE_STRICT_OBJC_MSGSEND = YES;
				ENABLE_TESTABILITY = YES;
				GCC_C_LANGUAGE_STANDARD = gnu11;
				GCC_DYNAMIC_NO_PIC = NO;
				GCC_NO_COMMON_BLOCKS = YES;
				GCC_OPTIMIZATION_LEVEL = 0;
				GCC_PREPROCESSOR_DEFINITIONS = (
					"DEBUG=1",
					"$(inherited)",
				);
				GCC_WARN_64_TO_32_BIT_CONVERSION = YES;
				GCC_WARN_ABOUT_RETURN_TYPE = YES_ERROR;
				GCC_WARN_UNDECLARED_SELECTOR = YES;
				GCC_WARN_UNINITIALIZED_AUTOS = YES_AGGRESSIVE;
				GCC_WARN_UNUSED_FUNCTION = YES;
				GCC_WARN_UNUSED_VARIABLE = YES;
				MACOSX_DEPLOYMENT_TARGET = 10.13;
				MTL_ENABLE_DEBUG_INFO = YES;
				ONLY_ACTIVE_ARCH = YES;
				SDKROOT = macosx;
				SWIFT_ACTIVE_COMPILATION_CONDITIONS = DEBUG;
				SWIFT_OPTIMIZATION_LEVEL = "-Onone";
			};
			name = Debug;
		};
		17D2A2BB203DF61C00BD0ECB /* Release */ = {
			isa = XCBuildConfiguration;
			buildSettings = {
				ALWAYS_SEARCH_USER_PATHS = NO;
				CLANG_ANALYZER_NONNULL = YES;
				CLANG_ANALYZER_NUMBER_OBJECT_CONVERSION = YES_AGGRESSIVE;
				CLANG_CXX_LANGUAGE_STANDARD = "gnu++14";
				CLANG_CXX_LIBRARY = "libc++";
				CLANG_ENABLE_MODULES = YES;
				CLANG_ENABLE_OBJC_ARC = YES;
				CLANG_WARN_BLOCK_CAPTURE_AUTORELEASING = YES;
				CLANG_WARN_BOOL_CONVERSION = YES;
				CLANG_WARN_COMMA = YES;
				CLANG_WARN_CONSTANT_CONVERSION = YES;
				CLANG_WARN_DIRECT_OBJC_ISA_USAGE = YES_ERROR;
				CLANG_WARN_DOCUMENTATION_COMMENTS = YES;
				CLANG_WARN_EMPTY_BODY = YES;
				CLANG_WARN_ENUM_CONVERSION = YES;
				CLANG_WARN_INFINITE_RECURSION = YES;
				CLANG_WARN_INT_CONVERSION = YES;
				CLANG_WARN_NON_LITERAL_NULL_CONVERSION = YES;
				CLANG_WARN_OBJC_LITERAL_CONVERSION = YES;
				CLANG_WARN_OBJC_ROOT_CLASS = YES_ERROR;
				CLANG_WARN_RANGE_LOOP_ANALYSIS = YES;
				CLANG_WARN_STRICT_PROTOTYPES = YES;
				CLANG_WARN_SUSPICIOUS_MOVE = YES;
				CLANG_WARN_UNGUARDED_AVAILABILITY = YES_AGGRESSIVE;
				CLANG_WARN_UNREACHABLE_CODE = YES;
				CLANG_WARN__DUPLICATE_METHOD_MATCH = YES;
				CODE_SIGN_IDENTITY = "-";
				COPY_PHASE_STRIP = NO;
				DEBUG_INFORMATION_FORMAT = "dwarf-with-dsym";
				ENABLE_NS_ASSERTIONS = NO;
				ENABLE_STRICT_OBJC_MSGSEND = YES;
				GCC_C_LANGUAGE_STANDARD = gnu11;
				GCC_NO_COMMON_BLOCKS = YES;
				GCC_WARN_64_TO_32_BIT_CONVERSION = YES;
				GCC_WARN_ABOUT_RETURN_TYPE = YES_ERROR;
				GCC_WARN_UNDECLARED_SELECTOR = YES;
				GCC_WARN_UNINITIALIZED_AUTOS = YES_AGGRESSIVE;
				GCC_WARN_UNUSED_FUNCTION = YES;
				GCC_WARN_UNUSED_VARIABLE = YES;
				MACOSX_DEPLOYMENT_TARGET = 10.13;
				MTL_ENABLE_DEBUG_INFO = NO;
				SDKROOT = macosx;
				SWIFT_OPTIMIZATION_LEVEL = "-Owholemodule";
			};
			name = Release;
		};
		17D2A2BD203DF61C00BD0ECB /* Debug */ = {
			isa = XCBuildConfiguration;
			buildSettings = {
				CODE_SIGN_STYLE = Automatic;
				PRODUCT_NAME = "$(TARGET_NAME)";
				SWIFT_VERSION = 4.0;
			};
			name = Debug;
		};
		17D2A2BE203DF61C00BD0ECB /* Release */ = {
			isa = XCBuildConfiguration;
			buildSettings = {
				CODE_SIGN_STYLE = Automatic;
				PRODUCT_NAME = "$(TARGET_NAME)";
				SWIFT_VERSION = 4.0;
			};
			name = Release;
		};
/* End XCBuildConfiguration section */

/* Begin XCConfigurationList section */
		17D2A2B0203DF61C00BD0ECB /* Build configuration list for PBXProject "taskMaNaGeR" */ = {
			isa = XCConfigurationList;
			buildConfigurations = (
				17D2A2BA203DF61C00BD0ECB /* Debug */,
				17D2A2BB203DF61C00BD0ECB /* Release */,
			);
			defaultConfigurationIsVisible = 0;
			defaultConfigurationName = Release;
		};
		17D2A2BC203DF61C00BD0ECB /* Build configuration list for PBXNativeTarget "taskMaNaGeR" */ = {
			isa = XCConfigurationList;
			buildConfigurations = (
				17D2A2BD203DF61C00BD0ECB /* Debug */,
				17D2A2BE203DF61C00BD0ECB /* Release */,
			);
			defaultConfigurationIsVisible = 0;
			defaultConfigurationName = Release;
		};
/* End XCConfigurationList section */
	};
	rootObject = 17D2A2AD203DF61C00BD0ECB /* Project object */;
}
